
Microsoft Visual Studio Solution File, Format Version 12.00
# Visual Studio 2013
VisualStudioVersion = 12.0.40629.0
MinimumVisualStudioVersion = 10.0.40219.1
Project("{FAE04EC0-301F-11D3-BF4B-00C04F79EFBC}") = "Pvolume", "Pvolume\Pvolume.csproj", "{ADBE1E74-57FB-4245-8D82-4DFEBDC90836}"
EndProject
Global
	GlobalSection(SolutionConfigurationPlatforms) = preSolution
		Debug|Any CPU = Debug|Any CPU
		Release|Any CPU = Release|Any CPU
	EndGlobalSection
	GlobalSection(ProjectConfigurationPlatforms) = postSolution
		{ADBE1E74-57FB-4245-8D82-4DFEBDC90836}.Debug|Any CPU.ActiveCfg = Debug|Any CPU
		{ADBE1E74-57FB-4245-8D82-4DFEBDC90836}.Debug|Any CPU.Build.0 = Debug|Any CPU
		{ADBE1E74-57FB-4245-8D82-4DFEBDC90836}.Release|Any CPU.ActiveCfg = Release|Any CPU
		{ADBE1E74-57FB-4245-8D82-4DFEBDC90836}.Release|Any CPU.Build.0 = Release|Any CPU
	EndGlobalSection
	GlobalSection(SolutionProperties) = preSolution
		HideSolutionNode = FALSE
	EndGlobalSection
EndGlobal
